Microsoft Visual Studio Solution File, Format Version 12.00
# Visual Studio Version 17
VisualStudioVersion = 17.5.2.0
MinimumVisualStudioVersion = 10.0.40219.1
Project("{FAE04EC0-301F-11D3-BF4B-00C04F79EFBC}") = "TransparentClock", "src\TransparentClock.csproj", "{F70D15AE-CC25-978B-6E1C-19E7FF97CECD}"
EndProject
Global
	GlobalSection(SolutionConfigurationPlatforms) = preSolution
		Debug|Any CPU = Debug|Any CPU
		Release|Any CPU = Release|Any CPU
	EndGlobalSection
	GlobalSection(ProjectConfigurationPlatforms) = postSolution
		{F70D15AE-CC25-978B-6E1C-19E7FF97CECD}.Debug|Any CPU.ActiveCfg = Debug|Any CPU
		{F70D15AE-CC25-978B-6E1C-19E7FF97CECD}.Debug|Any CPU.Build.0 = Debug|Any CPU
		{F70D15AE-CC25-978B-6E1C-19E7FF97CECD}.Release|Any CPU.ActiveCfg = Release|Any CPU
		{F70D15AE-CC25-978B-6E1C-19E7FF97CECD}.Release|Any CPU.Build.0 = Release|Any CPU
	EndGlobalSection
	GlobalSection(SolutionProperties) = preSolution
		HideSolutionNode = FALSE
	EndGlobalSection
	GlobalSection(ExtensibilityGlobals) = postSolution
		SolutionGuid = {F9B5C2B1-F49B-4867-9FE5-E4AAD0B176B9}
	EndGlobalSection
EndGlobal
